{
  "version": 4,
  "terraform_version": "1.2.5",
  "serial": 23,
  "lineage": "88bf4b3f-1a3a-7775-45be-de0990f3d35f",
  "outputs": {},
  "resources": [
    {
      "mode": "managed",
      "type": "azurerm_resource_group",
      "name": "rg",
      "provider": "provider[\"registry.terraform.io/hashicorp/azurerm\"]",
      "instances": [
        {
          "schema_version": 0,
          "attributes": {
            "id": "/subscriptions/ab443b87-f064-4cea-a781-1e20fa4b5140/resourceGroups/AKS_cluster",
            "location": "eastus",
            "name": "AKS_cluster",
            "tags": {},
            "timeouts": null
          },
          "sensitive_attributes": [],
          "private": "eyJlMmJmYjczMC1lY2FhLTExZTYtOGY4OC0zNDM2M2JjN2M0YzAiOnsiY3JlYXRlIjo1NDAwMDAwMDAwMDAwLCJkZWxldGUiOjU0MDAwMDAwMDAwMDAsInJlYWQiOjMwMDAwMDAwMDAwMCwidXBkYXRlIjo1NDAwMDAwMDAwMDAwfX0="
        }
      ]
    },
    {
      "mode": "managed",
      "type": "azurerm_subnet",
      "name": "aks",
      "provider": "provider[\"registry.terraform.io/hashicorp/azurerm\"]",
      "instances": [
        {
          "schema_version": 0,
          "attributes": {
            "address_prefixes": [
              "10.200.0.0/24"
            ],
            "delegation": [],
            "enforce_private_link_endpoint_network_policies": false,
            "enforce_private_link_service_network_policies": false,
            "id": "/subscriptions/ab443b87-f064-4cea-a781-1e20fa4b5140/resourceGroups/AKS_cluster/providers/Microsoft.Network/virtualNetworks/clustervnet/subnets/srinicluster-subnet",
            "name": "srinicluster-subnet",
            "private_endpoint_network_policies_enabled": true,
            "private_link_service_network_policies_enabled": true,
            "resource_group_name": "AKS_cluster",
            "service_endpoint_policy_ids": [],
            "service_endpoints": [],
            "timeouts": null,
            "virtual_network_name": "clustervnet"
          },
          "sensitive_attributes": [],
          "private": "eyJlMmJmYjczMC1lY2FhLTExZTYtOGY4OC0zNDM2M2JjN2M0YzAiOnsiY3JlYXRlIjoxODAwMDAwMDAwMDAwLCJkZWxldGUiOjE4MDAwMDAwMDAwMDAsInJlYWQiOjMwMDAwMDAwMDAwMCwidXBkYXRlIjoxODAwMDAwMDAwMDAwfX0=",
          "dependencies": [
            "azurerm_resource_group.rg",
            "azurerm_virtual_network.vnet"
          ]
        }
      ]
    },
    {
      "mode": "managed",
      "type": "azurerm_virtual_network",
      "name": "vnet",
      "provider": "provider[\"registry.terraform.io/hashicorp/azurerm\"]",
      "instances": [
        {
          "schema_version": 0,
          "attributes": {
            "address_space": [
              "10.200.0.0/16"
            ],
            "bgp_community": "",
            "ddos_protection_plan": [],
            "dns_servers": [],
            "edge_zone": "",
            "flow_timeout_in_minutes": 0,
            "guid": "c6e17bbf-16ae-4f67-bb7e-7956939260a7",
            "id": "/subscriptions/ab443b87-f064-4cea-a781-1e20fa4b5140/resourceGroups/AKS_cluster/providers/Microsoft.Network/virtualNetworks/clustervnet",
            "location": "eastus",
            "name": "clustervnet",
            "resource_group_name": "AKS_cluster",
            "subnet": [
              {
                "address_prefix": "10.200.0.0/24",
                "id": "/subscriptions/ab443b87-f064-4cea-a781-1e20fa4b5140/resourceGroups/AKS_cluster/providers/Microsoft.Network/virtualNetworks/clustervnet/subnets/srinicluster-subnet",
                "name": "srinicluster-subnet",
                "security_group": ""
              },
              {
                "address_prefix": "10.200.1.0/24",
                "id": "/subscriptions/ab443b87-f064-4cea-a781-1e20fa4b5140/resourceGroups/AKS_cluster/providers/Microsoft.Network/virtualNetworks/clustervnet/subnets/AzureFirewallSubnet",
                "name": "AzureFirewallSubnet",
                "security_group": ""
              }
            ],
            "tags": {},
            "timeouts": null
          },
          "sensitive_attributes": [],
          "private": "eyJlMmJmYjczMC1lY2FhLTExZTYtOGY4OC0zNDM2M2JjN2M0YzAiOnsiY3JlYXRlIjoxODAwMDAwMDAwMDAwLCJkZWxldGUiOjE4MDAwMDAwMDAwMDAsInJlYWQiOjMwMDAwMDAwMDAwMCwidXBkYXRlIjoxODAwMDAwMDAwMDAwfX0=",
          "dependencies": [
            "azurerm_resource_group.rg"
          ]
        }
      ]
    }
  ]
}
